{
  "name": "2024-swp-4it-staffnerlresch",
  "lockfileVersion": 3,
  "requires": true,
  "packages": {
    "": {
      "dependencies": {
        "katex": "^0.16.10",
        "latex": "^0.0.1",
        "latex.js": "^0.12.6",
        "react": "^18.3.1",
        "react-latex": "^1.2.0"
      }
    },
    "node_modules/@isaacs/cliui": {
      "version": "8.0.2",
      "license": "ISC",
      "dependencies": {
        "string-width": "^5.1.2",
        "string-width-cjs": "npm:string-width@^4.2.0",
        "strip-ansi": "^7.0.1",
        "strip-ansi-cjs": "npm:strip-ansi@^6.0.1",
        "wrap-ansi": "^8.1.0",
        "wrap-ansi-cjs": "npm:wrap-ansi@^7.0.0"
      },
      "engines": {
        "node": ">=12"
      }
    },
    "node_modules/@one-ini/wasm": {
      "version": "0.1.1",
      "license": "MIT"
    },
    "node_modules/@pkgjs/parseargs": {
      "version": "0.11.0",
      "license": "MIT",
      "optional": true,
      "engines": {
        "node": ">=14"
      }
    },
    "node_modules/@swc/helpers": {
      "version": "0.4.36",
      "license": "Apache-2.0",
      "dependencies": {
        "legacy-swc-helpers": "npm:@swc/helpers@=0.4.14",
        "tslib": "^2.4.0"
      }
    },
    "node_modules/abbrev": {
      "version": "2.0.0",
      "license": "ISC",
      "engines": {
        "node": "^14.17.0 || ^16.13.0 || >=18.0.0"
      }
    },
    "node_modules/ansi-regex": {
      "version": "6.0.1",
      "license": "MIT",
      "engines": {
        "node": ">=12"
      },
      "funding": {
        "url": "https://github.com/chalk/ansi-regex?sponsor=1"
      }
    },
    "node_modules/ansi-styles": {
      "version": "6.2.1",
      "license": "MIT",
      "engines": {
        "node": ">=12"
      },
      "funding": {
        "url": "https://github.com/chalk/ansi-styles?sponsor=1"
      }
    },
    "node_modules/balanced-match": {
      "version": "1.0.2",
      "license": "MIT"
    },
    "node_modules/base64-js": {
      "version": "1.5.1",
      "funding": [
        {
          "type": "github",
          "url": "https://github.com/sponsors/feross"
        },
        {
          "type": "patreon",
          "url": "https://www.patreon.com/feross"
        },
        {
          "type": "consulting",
          "url": "https://feross.org/support"
        }
      ],
      "license": "MIT"
    },
    "node_modules/brace-expansion": {
      "version": "2.0.1",
      "license": "MIT",
      "dependencies": {
        "balanced-match": "^1.0.0"
      }
    },
    "node_modules/brotli": {
      "version": "1.3.3",
      "license": "MIT",
      "dependencies": {
        "base64-js": "^1.1.2"
      }
    },
    "node_modules/clone": {
      "version": "2.1.2",
      "license": "MIT",
      "engines": {
        "node": ">=0.8"
      }
    },
    "node_modules/color-convert": {
      "version": "2.0.1",
      "license": "MIT",
      "dependencies": {
        "color-name": "~1.1.4"
      },
      "engines": {
        "node": ">=7.0.0"
      }
    },
    "node_modules/color-name": {
      "version": "1.1.4",
      "license": "MIT"
    },
    "node_modules/commander": {
      "version": "8.3.0",
      "license": "MIT",
      "engines": {
        "node": ">= 12"
      }
    },
    "node_modules/config-chain": {
      "version": "1.1.13",
      "license": "MIT",
      "dependencies": {
        "ini": "^1.3.4",
        "proto-list": "~1.2.1"
      }
    },
    "node_modules/cross-spawn": {
      "version": "7.0.3",
      "license": "MIT",
      "dependencies": {
        "path-key": "^3.1.0",
        "shebang-command": "^2.0.0",
        "which": "^2.0.1"
      },
      "engines": {
        "node": ">= 8"
      }
    },
    "node_modules/dfa": {
      "version": "1.2.0",
      "license": "MIT"
    },
    "node_modules/eastasianwidth": {
      "version": "0.2.0",
      "license": "MIT"
    },
    "node_modules/editorconfig": {
      "version": "1.0.4",
      "license": "MIT",
      "dependencies": {
        "@one-ini/wasm": "0.1.1",
        "commander": "^10.0.0",
        "minimatch": "9.0.1",
        "semver": "^7.5.3"
      },
      "bin": {
        "editorconfig": "bin/editorconfig"
      },
      "engines": {
        "node": ">=14"
      }
    },
    "node_modules/editorconfig/node_modules/commander": {
      "version": "10.0.1",
      "license": "MIT",
      "engines": {
        "node": ">=14"
      }
    },
    "node_modules/emoji-regex": {
      "version": "9.2.2",
      "license": "MIT"
    },
    "node_modules/fast-deep-equal": {
      "version": "3.1.3",
      "license": "MIT"
    },
    "node_modules/fontkit": {
      "version": "2.0.2",
      "license": "MIT",
      "dependencies": {
        "@swc/helpers": "^0.4.2",
        "brotli": "^1.3.2",
        "clone": "^2.1.2",
        "dfa": "^1.2.0",
        "fast-deep-equal": "^3.1.3",
        "restructure": "^3.0.0",
        "tiny-inflate": "^1.0.3",
        "unicode-properties": "^1.4.0",
        "unicode-trie": "^2.0.0"
      }
    },
    "node_modules/foreground-child": {
      "version": "3.2.0",
      "license": "ISC",
      "dependencies": {
        "cross-spawn": "^7.0.0",
        "signal-exit": "^4.0.1"
      },
      "engines": {
        "node": ">=14"
      },
      "funding": {
        "url": "https://github.com/sponsors/isaacs"
      }
    },
    "node_modules/fs-extra": {
      "version": "10.1.0",
      "license": "MIT",
      "dependencies": {
        "graceful-fs": "^4.2.0",
        "jsonfile": "^6.0.1",
        "universalify": "^2.0.0"
      },
      "engines": {
        "node": ">=12"
      }
    },
    "node_modules/glob": {
      "version": "10.4.1",
      "license": "ISC",
      "dependencies": {
        "foreground-child": "^3.1.0",
        "jackspeak": "^3.1.2",
        "minimatch": "^9.0.4",
        "minipass": "^7.1.2",
        "path-scurry": "^1.11.1"
      },
      "bin": {
        "glob": "dist/esm/bin.mjs"
      },
      "engines": {
        "node": ">=16 || 14 >=14.18"
      },
      "funding": {
        "url": "https://github.com/sponsors/isaacs"
      }
    },
    "node_modules/glob/node_modules/minimatch": {
      "version": "9.0.4",
      "license": "ISC",
      "dependencies": {
        "brace-expansion": "^2.0.1"
      },
      "engines": {
        "node": ">=16 || 14 >=14.17"
      },
      "funding": {
        "url": "https://github.com/sponsors/isaacs"
      }
    },
    "node_modules/graceful-fs": {
      "version": "4.2.11",
      "license": "ISC"
    },
    "node_modules/hyphenation.de": {
      "version": "0.2.1",
      "dependencies": {
        "hypher": "*"
      }
    },
    "node_modules/hyphenation.en-us": {
      "version": "0.2.1",
      "dependencies": {
        "hypher": "*"
      }
    },
    "node_modules/hypher": {
      "version": "0.2.5",
      "license": "BSD-3-Clause"
    },
    "node_modules/image-size": {
      "version": "1.1.1",
      "license": "MIT",
      "dependencies": {
        "queue": "6.0.2"
      },
      "bin": {
        "image-size": "bin/image-size.js"
      },
      "engines": {
        "node": ">=16.x"
      }
    },
    "node_modules/inherits": {
      "version": "2.0.4",
      "license": "ISC"
    },
    "node_modules/ini": {
      "version": "1.3.8",
      "license": "ISC"
    },
    "node_modules/is-fullwidth-code-point": {
      "version": "3.0.0",
      "license": "MIT",
      "engines": {
        "node": ">=8"
      }
    },
    "node_modules/isexe": {
      "version": "2.0.0",
      "license": "ISC"
    },
    "node_modules/jackspeak": {
      "version": "3.4.0",
      "license": "BlueOak-1.0.0",
      "dependencies": {
        "@isaacs/cliui": "^8.0.2"
      },
      "engines": {
        "node": ">=14"
      },
      "funding": {
        "url": "https://github.com/sponsors/isaacs"
      },
      "optionalDependencies": {
        "@pkgjs/parseargs": "^0.11.0"
      }
    },
    "node_modules/js-beautify": {
      "version": "1.14.11",
      "license": "MIT",
      "dependencies": {
        "config-chain": "^1.1.13",
        "editorconfig": "^1.0.3",
        "glob": "^10.3.3",
        "nopt": "^7.2.0"
      },
      "bin": {
        "css-beautify": "js/bin/css-beautify.js",
        "html-beautify": "js/bin/html-beautify.js",
        "js-beautify": "js/bin/js-beautify.js"
      },
      "engines": {
        "node": ">=14"
      }
    },
    "node_modules/js-tokens": {
      "version": "4.0.0",
      "resolved": "https://registry.npmjs.org/js-tokens/-/js-tokens-4.0.0.tgz",
      "integrity": "sha512-RdJUflcE3cUzKiMqQgsCu06FPu9UdIJO0beYbPhHN4k6apgJtifcoCtT9bcxOpYBtpD2kCM6Sbzg4CausW/PKQ==",
      "license": "MIT"
    },
    "node_modules/jsonfile": {
      "version": "6.1.0",
      "license": "MIT",
      "dependencies": {
        "universalify": "^2.0.0"
      },
      "optionalDependencies": {
        "graceful-fs": "^4.1.6"
      }
    },
    "node_modules/katex": {
      "version": "0.16.10",
      "resolved": "https://registry.npmjs.org/katex/-/katex-0.16.10.tgz",
      "integrity": "sha512-ZiqaC04tp2O5utMsl2TEZTXxa6WSC4yo0fv5ML++D3QZv/vx2Mct0mTlRx3O+uUkjfuAgOkzsCmq5MiUEsDDdA==",
      "funding": [
        "https://opencollective.com/katex",
        "https://github.com/sponsors/katex"
      ],
      "license": "MIT",
      "dependencies": {
        "commander": "^8.3.0"
      },
      "bin": {
        "katex": "cli.js"
      }
    },
    "node_modules/latex": {
      "version": "0.0.1",
      "resolved": "https://registry.npmjs.org/latex/-/latex-0.0.1.tgz",
      "integrity": "sha512-gjoKyqqGcwtTqxLa1duivzt5gFPcW/8uXVMZeR75OvoF61XkC1rDR9RvywQ0nLd70fs4LsA5m5siuMfuzEDUtA==",
      "license": "MIT",
      "dependencies": {
        "fs-extra": "~0.3.2",
        "temp": "~0.5.0",
        "through": "~2.1.0"
      }
    },
    "node_modules/latex.js": {
      "version": "0.12.6",
      "resolved": "https://registry.npmjs.org/latex.js/-/latex.js-0.12.6.tgz",
      "integrity": "sha512-spMTeSq9cP4vidMQuPgoYGKmsQTMElZhDtNF3NyLIRc03XkuuPvMA0tzb0ShS/otaIJrB7DIHDk0GL3knCisEw==",
      "license": "MIT",
      "dependencies": {
        "commander": "8.x",
        "fs-extra": "10.x",
        "hyphenation.de": "*",
        "hyphenation.en-us": "*",
        "js-beautify": "1.14.x",
        "stdin": "*",
        "svgdom": "^0.1.8"
      },
      "bin": {
        "latex.js": "bin/latex.js"
      },
      "engines": {
        "node": ">= 14.0"
      }
    },
    "node_modules/latex/node_modules/fs-extra": {
      "version": "0.3.2",
      "resolved": "https://registry.npmjs.org/fs-extra/-/fs-extra-0.3.2.tgz",
      "integrity": "sha512-2zH6Lm/k3SEnVAGq2m0fdRXXQ8+5W68N8WUEAwuBlHvWzvr882LhtvDy59bJYLwGnd+HjoA9DKrQMc+3TgpbDQ==",
      "dependencies": {
        "jsonfile": "0.0.x",
        "mkdirp": "0.3.x",
        "ncp": "0.2.x",
        "rimraf": "~2.0.2"
      }
    },
    "node_modules/latex/node_modules/graceful-fs": {
      "version": "1.1.14",
      "resolved": "https://registry.npmjs.org/graceful-fs/-/graceful-fs-1.1.14.tgz",
      "integrity": "sha512-JUrvoFoQbLZpOZilKTXZX2e1EV0DTnuG5vsRFNFv4mPf/mnYbwNAFw/5x0rxeyaJslIdObGSgTTsMnM/acRaVw==",
      "deprecated": "please upgrade to graceful-fs 4 for compatibility with current and future versions of Node.js",
      "license": "BSD",
      "optional": true,
      "engines": {
        "node": ">=0.4.0"
      }
    },
    "node_modules/latex/node_modules/jsonfile": {
      "version": "0.0.1",
      "resolved": "https://registry.npmjs.org/jsonfile/-/jsonfile-0.0.1.tgz",
      "integrity": "sha512-exg1z4OyWfLfB05WCTNg+PB8MBSEBnRoRU6MjnE+GXRba1P2wfAvB0ISUWJM2Ve3M6JJlNHBJ4nFXEzjji/4HQ=="
    },
    "node_modules/latex/node_modules/rimraf": {
      "version": "2.0.3",
      "resolved": "https://registry.npmjs.org/rimraf/-/rimraf-2.0.3.tgz",
      "integrity": "sha512-uR09PSoW2+1hW0hquRqxb+Ae2h6R5ls3OAy2oNekQFtqbSJkltkhKRa+OhZKoxWsN9195Gp1vg7sELDRoJ8a3w==",
      "deprecated": "Rimraf versions prior to v4 are no longer supported",
      "license": "MIT",
      "optionalDependencies": {
        "graceful-fs": "~1.1"
      }
    },
    "node_modules/legacy-swc-helpers": {
      "name": "@swc/helpers",
      "version": "0.4.14",
      "license": "MIT",
      "dependencies": {
        "tslib": "^2.4.0"
      }
    },
    "node_modules/loose-envify": {
      "version": "1.4.0",
      "resolved": "https://registry.npmjs.org/loose-envify/-/loose-envify-1.4.0.tgz",
      "integrity": "sha512-lyuxPGr/Wfhrlem2CL/UcnUc1zcqKAImBDzukY7Y5F/yQiNdko6+fRLevlw1HgMySw7f611UIY408EtxRSoK3Q==",
      "license": "MIT",
      "dependencies": {
        "js-tokens": "^3.0.0 || ^4.0.0"
      },
      "bin": {
        "loose-envify": "cli.js"
      }
    },
    "node_modules/lru-cache": {
      "version": "10.2.2",
      "license": "ISC",
      "engines": {
        "node": "14 || >=16.14"
      }
    },
    "node_modules/match-at": {
      "version": "0.1.1",
      "resolved": "https://registry.npmjs.org/match-at/-/match-at-0.1.1.tgz",
      "integrity": "sha512-h4Yd392z9mST+dzc+yjuybOGFNOZjmXIPKWjxBd1Bb23r4SmDOsk2NYCU2BMUBGbSpZqwVsZYNq26QS3xfaT3Q=="
    },
    "node_modules/minimatch": {
      "version": "9.0.1",
      "license": "ISC",
      "dependencies": {
        "brace-expansion": "^2.0.1"
      },
      "engines": {
        "node": ">=16 || 14 >=14.17"
      },
      "funding": {
        "url": "https://github.com/sponsors/isaacs"
      }
    },
    "node_modules/minipass": {
      "version": "7.1.2",
      "license": "ISC",
      "engines": {
        "node": ">=16 || 14 >=14.17"
      }
    },
    "node_modules/mkdirp": {
      "version": "0.3.5",
      "resolved": "https://registry.npmjs.org/mkdirp/-/mkdirp-0.3.5.tgz",
      "integrity": "sha512-8OCq0De/h9ZxseqzCH8Kw/Filf5pF/vMI6+BH7Lu0jXz2pqYCjTAQRolSxRIi+Ax+oCCjlxoJMP0YQ4XlrQNHg==",
      "deprecated": "Legacy versions of mkdirp are no longer supported. Please update to mkdirp 1.x. (Note that the API surface has changed to use Promises in 1.x.)",
      "license": "MIT"
    },
    "node_modules/ncp": {
      "version": "0.2.7",
      "resolved": "https://registry.npmjs.org/ncp/-/ncp-0.2.7.tgz",
      "integrity": "sha512-wPUepcV37u3Mw+ktjrUbl3azxwAkcD9RrVLQGlpSapWcEQM5jL0g8zwKo6ukOjVQAAEjqpRdLeojOalqqySpCg==",
      "license": "MIT",
      "bin": {
        "ncp": "bin/ncp"
      }
    },
    "node_modules/nopt": {
      "version": "7.2.1",
      "license": "ISC",
      "dependencies": {
        "abbrev": "^2.0.0"
      },
      "bin": {
        "nopt": "bin/nopt.js"
      },
      "engines": {
        "node": "^14.17.0 || ^16.13.0 || >=18.0.0"
      }
    },
    "node_modules/pako": {
      "version": "0.2.9",
      "license": "MIT"
    },
    "node_modules/path-key": {
      "version": "3.1.1",
      "license": "MIT",
      "engines": {
        "node": ">=8"
      }
    },
    "node_modules/path-scurry": {
      "version": "1.11.1",
      "license": "BlueOak-1.0.0",
      "dependencies": {
        "lru-cache": "^10.2.0",
        "minipass": "^5.0.0 || ^6.0.2 || ^7.0.0"
      },
      "engines": {
        "node": ">=16 || 14 >=14.18"
      },
      "funding": {
        "url": "https://github.com/sponsors/isaacs"
      }
    },
    "node_modules/proto-list": {
      "version": "1.2.4",
      "license": "ISC"
    },
    "node_modules/queue": {
      "version": "6.0.2",
      "license": "MIT",
      "dependencies": {
        "inherits": "~2.0.3"
      }
    },
    "node_modules/react": {
      "version": "18.3.1",
      "resolved": "https://registry.npmjs.org/react/-/react-18.3.1.tgz",
      "integrity": "sha512-wS+hAgJShR0KhEvPJArfuPVN1+Hz1t0Y6n5jLrGQbkb4urgPE/0Rve+1kMB1v/oWgHgm4WIcV+i7F2pTVj+2iQ==",
      "license": "MIT",
      "dependencies": {
        "loose-envify": "^1.1.0"
      },
      "engines": {
        "node": ">=0.10.0"
      }
    },
    "node_modules/react-latex": {
      "version": "1.2.0",
      "resolved": "https://registry.npmjs.org/react-latex/-/react-latex-1.2.0.tgz",
      "integrity": "sha512-Bv+YT2eiudw8okEaxs7/6q3RUqyUbKbYOy22KHj7N0BFHIagkVj4NGtDs5pUh8MU9x4M0CY2kc0VFXsYlvrWRQ==",
      "license": "MIT",
      "dependencies": {
        "katex": "^0.9.0"
      },
      "peerDependencies": {
        "react": "^16.2.0"
      }
    },
    "node_modules/react-latex/node_modules/katex": {
      "version": "0.9.0",
      "resolved": "https://registry.npmjs.org/katex/-/katex-0.9.0.tgz",
      "integrity": "sha512-lp3x90LT1tDZBW2tjLheJ98wmRMRjUHwk4QpaswT9bhqoQZ+XA4cPcjcQBxgOQNwaOSt6ZeL/a6GKQ1of3LFxQ==",
      "license": "MIT",
      "dependencies": {
        "match-at": "^0.1.1"
      },
      "bin": {
        "katex": "cli.js"
      }
    },
    "node_modules/restructure": {
      "version": "3.0.1",
      "license": "MIT"
    },
    "node_modules/rimraf": {
      "version": "2.1.4",
      "resolved": "https://registry.npmjs.org/rimraf/-/rimraf-2.1.4.tgz",
      "integrity": "sha512-tzwmX16YQhcFu0T/m0gHBcFKx6yQAg77Z6WWaQSJsUekXYa6yaAmHhrDdmFicgauX/er7GsdN+vRao3mBhA4kQ==",
      "deprecated": "Rimraf versions prior to v4 are no longer supported",
      "license": "MIT",
      "optionalDependencies": {
        "graceful-fs": "~1"
      }
    },
    "node_modules/rimraf/node_modules/graceful-fs": {
      "version": "1.2.3",
      "resolved": "https://registry.npmjs.org/graceful-fs/-/graceful-fs-1.2.3.tgz",
      "integrity": "sha512-iiTUZ5vZ+2ZV+h71XAgwCSu6+NAizhFU3Yw8aC/hH5SQ3SnISqEqAek40imAFGtDcwJKNhXvSY+hzIolnLwcdQ==",
      "deprecated": "please upgrade to graceful-fs 4 for compatibility with current and future versions of Node.js",
      "license": "BSD",
      "optional": true,
      "engines": {
        "node": ">=0.4.0"
      }
    },
    "node_modules/sax": {
      "version": "1.4.1",
      "license": "ISC"
    },
    "node_modules/semver": {
      "version": "7.6.2",
      "license": "ISC",
      "bin": {
        "semver": "bin/semver.js"
      },
      "engines": {
        "node": ">=10"
      }
    },
    "node_modules/shebang-command": {
      "version": "2.0.0",
      "license": "MIT",
      "dependencies": {
        "shebang-regex": "^3.0.0"
      },
      "engines": {
        "node": ">=8"
      }
    },
    "node_modules/shebang-regex": {
      "version": "3.0.0",
      "license": "MIT",
      "engines": {
        "node": ">=8"
      }
    },
    "node_modules/signal-exit": {
      "version": "4.1.0",
      "license": "ISC",
      "engines": {
        "node": ">=14"
      },
      "funding": {
        "url": "https://github.com/sponsors/isaacs"
      }
    },
    "node_modules/stdin": {
      "version": "0.0.1"
    },
    "node_modules/string-width": {
      "version": "5.1.2",
      "license": "MIT",
      "dependencies": {
        "eastasianwidth": "^0.2.0",
        "emoji-regex": "^9.2.2",
        "strip-ansi": "^7.0.1"
      },
      "engines": {
        "node": ">=12"
      },
      "funding": {
        "url": "https://github.com/sponsors/sindresorhus"
      }
    },
    "node_modules/string-width-cjs": {
      "name": "string-width",
      "version": "4.2.3",
      "license": "MIT",
      "dependencies": {
        "emoji-regex": "^8.0.0",
        "is-fullwidth-code-point": "^3.0.0",
        "strip-ansi": "^6.0.1"
      },
      "engines": {
        "node": ">=8"
      }
    },
    "node_modules/string-width-cjs/node_modules/ansi-regex": {
      "version": "5.0.1",
      "license": "MIT",
      "engines": {
        "node": ">=8"
      }
    },
    "node_modules/string-width-cjs/node_modules/emoji-regex": {
      "version": "8.0.0",
      "license": "MIT"
    },
    "node_modules/string-width-cjs/node_modules/strip-ansi": {
      "version": "6.0.1",
      "license": "MIT",
      "dependencies": {
        "ansi-regex": "^5.0.1"
      },
      "engines": {
        "node": ">=8"
      }
    },
    "node_modules/strip-ansi": {
      "version": "7.1.0",
      "license": "MIT",
      "dependencies": {
        "ansi-regex": "^6.0.1"
      },
      "engines": {
        "node": ">=12"
      },
      "funding": {
        "url": "https://github.com/chalk/strip-ansi?sponsor=1"
      }
    },
    "node_modules/strip-ansi-cjs": {
      "name": "strip-ansi",
      "version": "6.0.1",
      "license": "MIT",
      "dependencies": {
        "ansi-regex": "^5.0.1"
      },
      "engines": {
        "node": ">=8"
      }
    },
    "node_modules/strip-ansi-cjs/node_modules/ansi-regex": {
      "version": "5.0.1",
      "license": "MIT",
      "engines": {
        "node": ">=8"
      }
    },
    "node_modules/svgdom": {
      "version": "0.1.19",
      "license": "MIT",
      "dependencies": {
        "fontkit": "^2.0.2",
        "image-size": "^1.0.2",
        "sax": "^1.2.4"
      },
      "funding": {
        "type": "github",
        "url": "https://github.com/sponsors/Fuzzyma"
      }
    },
    "node_modules/temp": {
      "version": "0.5.1",
      "resolved": "https://registry.npmjs.org/temp/-/temp-0.5.1.tgz",
      "integrity": "sha512-Gwc1QWGkf3f3d0y8wNyC9uvVqAsmVdUMPzdiLJDNVAHhlxZmSWlvVZAk1LmZcBuYcmhvJ0oHDVHksghU3VI/0w==",
      "engines": [
        "node >=0.8.0"
      ],
      "dependencies": {
        "rimraf": "~2.1.4"
      }
    },
    "node_modules/through": {
      "version": "2.1.0",
      "resolved": "https://registry.npmjs.org/through/-/through-2.1.0.tgz",
      "integrity": "sha512-uvPczOKXZtx4V1j1upuVsJAaUs2sOwCT6CVDT/xsse/AvenhMxgmK1LxILJUm2WoSZYi8RhOb10P9zvwjZOipQ==",
      "license": "MIT"
    },
    "node_modules/tiny-inflate": {
      "version": "1.0.3",
      "license": "MIT"
    },
    "node_modules/tslib": {
      "version": "2.6.3",
      "license": "0BSD"
    },
    "node_modules/unicode-properties": {
      "version": "1.4.1",
      "license": "MIT",
      "dependencies": {
        "base64-js": "^1.3.0",
        "unicode-trie": "^2.0.0"
      }
    },
    "node_modules/unicode-trie": {
      "version": "2.0.0",
      "license": "MIT",
      "dependencies": {
        "pako": "^0.2.5",
        "tiny-inflate": "^1.0.0"
      }
    },
    "node_modules/universalify": {
      "version": "2.0.1",
      "license": "MIT",
      "engines": {
        "node": ">= 10.0.0"
      }
    },
    "node_modules/which": {
      "version": "2.0.2",
      "license": "ISC",
      "dependencies": {
        "isexe": "^2.0.0"
      },
      "bin": {
        "node-which": "bin/node-which"
      },
      "engines": {
        "node": ">= 8"
      }
    },
    "node_modules/wrap-ansi": {
      "version": "8.1.0",
      "license": "MIT",
      "dependencies": {
        "ansi-styles": "^6.1.0",
        "string-width": "^5.0.1",
        "strip-ansi": "^7.0.1"
      },
      "engines": {
        "node": ">=12"
      },
      "funding": {
        "url": "https://github.com/chalk/wrap-ansi?sponsor=1"
      }
    },
    "node_modules/wrap-ansi-cjs": {
      "name": "wrap-ansi",
      "version": "7.0.0",
      "license": "MIT",
      "dependencies": {
        "ansi-styles": "^4.0.0",
        "string-width": "^4.1.0",
        "strip-ansi": "^6.0.0"
      },
      "engines": {
        "node": ">=10"
      },
      "funding": {
        "url": "https://github.com/chalk/wrap-ansi?sponsor=1"
      }
    },
    "node_modules/wrap-ansi-cjs/node_modules/ansi-regex": {
      "version": "5.0.1",
      "license": "MIT",
      "engines": {
        "node": ">=8"
      }
    },
    "node_modules/wrap-ansi-cjs/node_modules/ansi-styles": {
      "version": "4.3.0",
      "license": "MIT",
      "dependencies": {
        "color-convert": "^2.0.1"
      },
      "engines": {
        "node": ">=8"
      },
      "funding": {
        "url": "https://github.com/chalk/ansi-styles?sponsor=1"
      }
    },
    "node_modules/wrap-ansi-cjs/node_modules/emoji-regex": {
      "version": "8.0.0",
      "license": "MIT"
    },
    "node_modules/wrap-ansi-cjs/node_modules/string-width": {
      "version": "4.2.3",
      "license": "MIT",
      "dependencies": {
        "emoji-regex": "^8.0.0",
        "is-fullwidth-code-point": "^3.0.0",
        "strip-ansi": "^6.0.1"
      },
      "engines": {
        "node": ">=8"
      }
    },
    "node_modules/wrap-ansi-cjs/node_modules/strip-ansi": {
      "version": "6.0.1",
      "license": "MIT",
      "dependencies": {
        "ansi-regex": "^5.0.1"
      },
      "engines": {
        "node": ">=8"
      }
    }
  }
}
